
Microsoft Visual Studio Solution File, Format Version 12.00
# Visual Studio Version 16
VisualStudioVersion = 16.0.30225.117
MinimumVisualStudioVersion = 10.0.40219.1
Project("{FAE04EC0-301F-11D3-BF4B-00C04F79EFBC}") = "PingPongClient", "PingPongClient\PingPongClient.csproj", "{C2A83704-C676-413E-9567-58B7C414C4FF}"
EndProject
Global
	GlobalSection(SolutionConfigurationPlatforms) = preSolution
		Debug|Any CPU = Debug|Any CPU
		Release|Any CPU = Release|Any CPU
	EndGlobalSection
	GlobalSection(ProjectConfigurationPlatforms) = postSolution
		{C2A83704-C676-413E-9567-58B7C414C4FF}.Debug|Any CPU.ActiveCfg = Debug|Any CPU
		{C2A83704-C676-413E-9567-58B7C414C4FF}.Debug|Any CPU.Build.0 = Debug|Any CPU
		{C2A83704-C676-413E-9567-58B7C414C4FF}.Release|Any CPU.ActiveCfg = Release|Any CPU
		{C2A83704-C676-413E-9567-58B7C414C4FF}.Release|Any CPU.Build.0 = Release|Any CPU
	EndGlobalSection
	GlobalSection(SolutionProperties) = preSolution
		HideSolutionNode = FALSE
	EndGlobalSection
	GlobalSection(ExtensibilityGlobals) = postSolution
		SolutionGuid = {EB9A6231-B987-4A24-8055-12DAE174D555}
	EndGlobalSection
EndGlobal
